
Microsoft Visual Studio Solution File, Format Version 12.00
# Visual Studio Version 17
VisualStudioVersion = 17.11.35327.3
MinimumVisualStudioVersion = 10.0.40219.1
Project("{FAE04EC0-301F-11D3-BF4B-00C04F79EFBC}") = "eCommerce.API", "eCommerce.API\eCommerce.API.csproj", "{BB0BE318-009C-40DA-9E14-DB70384A0190}"
EndProject
Project("{FAE04EC0-301F-11D3-BF4B-00C04F79EFBC}") = "eCommerce.Core", "eCommerce.Core\eCommerce.Core.csproj", "{289F621D-4138-4E11-8E6A-7CF4E6DA5726}"
EndProject
Project("{FAE04EC0-301F-11D3-BF4B-00C04F79EFBC}") = "eCommerce.Infrastructure", "eCommerce.Infrastructure\eCommerce.Infrastructure.csproj", "{309F9372-9BF0-46CD-831D-D261C46B3396}"
EndProject
Global
	GlobalSection(SolutionConfigurationPlatforms) = preSolution
		Debug|Any CPU = Debug|Any CPU
		Release|Any CPU = Release|Any CPU
	EndGlobalSection
	GlobalSection(ProjectConfigurationPlatforms) = postSolution
		{BB0BE318-009C-40DA-9E14-DB70384A0190}.Debug|Any CPU.ActiveCfg = Debug|Any CPU
		{BB0BE318-009C-40DA-9E14-DB70384A0190}.Debug|Any CPU.Build.0 = Debug|Any CPU
		{BB0BE318-009C-40DA-9E14-DB70384A0190}.Release|Any CPU.ActiveCfg = Release|Any CPU
		{BB0BE318-009C-40DA-9E14-DB70384A0190}.Release|Any CPU.Build.0 = Release|Any CPU
		{289F621D-4138-4E11-8E6A-7CF4E6DA5726}.Debug|Any CPU.ActiveCfg = Debug|Any CPU
		{289F621D-4138-4E11-8E6A-7CF4E6DA5726}.Debug|Any CPU.Build.0 = Debug|Any CPU
		{289F621D-4138-4E11-8E6A-7CF4E6DA5726}.Release|Any CPU.ActiveCfg = Release|Any CPU
		{289F621D-4138-4E11-8E6A-7CF4E6DA5726}.Release|Any CPU.Build.0 = Release|Any CPU
		{309F9372-9BF0-46CD-831D-D261C46B3396}.Debug|Any CPU.ActiveCfg = Debug|Any CPU
		{309F9372-9BF0-46CD-831D-D261C46B3396}.Debug|Any CPU.Build.0 = Debug|Any CPU
		{309F9372-9BF0-46CD-831D-D261C46B3396}.Release|Any CPU.ActiveCfg = Release|Any CPU
		{309F9372-9BF0-46CD-831D-D261C46B3396}.Release|Any CPU.Build.0 = Release|Any CPU
	EndGlobalSection
	GlobalSection(SolutionProperties) = preSolution
		HideSolutionNode = FALSE
	EndGlobalSection
	GlobalSection(ExtensibilityGlobals) = postSolution
		SolutionGuid = {8272EA60-3AC0-4FDC-8513-89DE046F7CE1}
	EndGlobalSection
EndGlobal
